// !$*UTF8*$!
{
	archiveVersion = 1;
	classes = {
	};
	objectVersion = 50;
	objects = {

/* Begin PBXBuildFile section */
		E94DB16A249BC27700CAD775 /* SwiftSoup.framework in Frameworks */ = {isa = PBXBuildFile; fileRef = E94DB169249BC27700CAD775 /* SwiftSoup.framework */; };
		E94DB16B249BC27700CAD775 /* SwiftSoup.framework in Embed Frameworks */ = {isa = PBXBuildFile; fileRef = E94DB169249BC27700CAD775 /* SwiftSoup.framework */; settings = {ATTRIBUTES = (CodeSignOnCopy, RemoveHeadersOnCopy, ); }; };
		E95BF8E7238846900023581B /* AppDelegate.swift in Sources */ = {isa = PBXBuildFile; fileRef = E95BF8E6238846900023581B /* AppDelegate.swift */; };
		E95BF8EB238846900023581B /* ViewController.swift in Sources */ = {isa = PBXBuildFile; fileRef = E95BF8EA238846900023581B /* ViewController.swift */; };
		E95BF8EE238846900023581B /* Main.storyboard in Resources */ = {isa = PBXBuildFile; fileRef = E95BF8EC238846900023581B /* Main.storyboard */; };
		E95BF8F0238846910023581B /* Assets.xcassets in Resources */ = {isa = PBXBuildFile; fileRef = E95BF8EF238846910023581B /* Assets.xcassets */; };
		E95BF8F3238846910023581B /* LaunchScreen.storyboard in Resources */ = {isa = PBXBuildFile; fileRef = E95BF8F1238846910023581B /* LaunchScreen.storyboard */; };
		E95BF8FF238846EA0023581B /* TinyConstraints.framework in Frameworks */ = {isa = PBXBuildFile; fileRef = E95BF8FC238846EA0023581B /* TinyConstraints.framework */; };
		E95BF900238846EA0023581B /* TinyConstraints.framework in Embed Frameworks */ = {isa = PBXBuildFile; fileRef = E95BF8FC238846EA0023581B /* TinyConstraints.framework */; settings = {ATTRIBUTES = (CodeSignOnCopy, RemoveHeadersOnCopy, ); }; };
		E95CA71E238ECA55004BD2D1 /* empty.swift in Sources */ = {isa = PBXBuildFile; fileRef = E95CA71D238ECA55004BD2D1 /* empty.swift */; };
		E9F71D5C24AB906A00903CE2 /* UI.framework in Frameworks */ = {isa = PBXBuildFile; fileRef = E9F71D5024AB904700903CE2 /* UI.framework */; };
		E9F71D5D24AB906A00903CE2 /* UI.framework in Embed Frameworks */ = {isa = PBXBuildFile; fileRef = E9F71D5024AB904700903CE2 /* UI.framework */; settings = {ATTRIBUTES = (CodeSignOnCopy, RemoveHeadersOnCopy, ); }; };
/* End PBXBuildFile section */

/* Begin PBXContainerItemProxy section */
		E9F71D4F24AB904700903CE2 /* PBXContainerItemProxy */ = {
			isa = PBXContainerItemProxy;
			containerPortal = E9F71D4A24AB904700903CE2 /* Ui.xcodeproj */;
			proxyType = 2;
			remoteGlobalIDString = E919E71B23E73C0400903FBE;
			remoteInfo = UI;
		};
		E9F71D5124AB904700903CE2 /* PBXContainerItemProxy */ = {
			isa = PBXContainerItemProxy;
			containerPortal = E9F71D4A24AB904700903CE2 /* Ui.xcodeproj */;
			proxyType = 2;
			remoteGlobalIDString = E919E72423E73C0400903FBE;
			remoteInfo = UITests;
		};
		E9F71D5824AB905B00903CE2 /* PBXContainerItemProxy */ = {
			isa = PBXContainerItemProxy;
			containerPortal = E9F71D5324AB905B00903CE2 /* Core.xcodeproj */;
			proxyType = 2;
			remoteGlobalIDString = E919E74F23E73E2000903FBE;
			remoteInfo = Core;
		};
		E9F71D5A24AB905B00903CE2 /* PBXContainerItemProxy */ = {
			isa = PBXContainerItemProxy;
			containerPortal = E9F71D5324AB905B00903CE2 /* Core.xcodeproj */;
			proxyType = 2;
			remoteGlobalIDString = E919E75823E73E2000903FBE;
			remoteInfo = CoreTests;
		};
		E9F71D6624AB915900903CE2 /* PBXContainerItemProxy */ = {
			isa = PBXContainerItemProxy;
			containerPortal = E9F71D4A24AB904700903CE2 /* Ui.xcodeproj */;
			proxyType = 1;
			remoteGlobalIDString = E919E71A23E73C0400903FBE;
			remoteInfo = UI;
		};
/* End PBXContainerItemProxy section */

/* Begin PBXCopyFilesBuildPhase section */
		E95BF901238846EA0023581B /* Embed Frameworks */ = {
			isa = PBXCopyFilesBuildPhase;
			buildActionMask = 2147483647;
			dstPath = "";
			dstSubfolderSpec = 10;
			files = (
				E9F71D5D24AB906A00903CE2 /* UI.framework in Embed Frameworks */,
				E95BF900238846EA0023581B /* TinyConstraints.framework in Embed Frameworks */,
				E94DB16B249BC27700CAD775 /* SwiftSoup.framework in Embed Frameworks */,
			);
			name = "Embed Frameworks";
			runOnlyForDeploymentPostprocessing = 0;
		};
/* End PBXCopyFilesBuildPhase section */

/* Begin PBXFileReference section */
		E94DB169249BC27700CAD775 /* SwiftSoup.framework */ = {isa = PBXFileReference; lastKnownFileType = wrapper.framework; name = SwiftSoup.framework; path = Carthage/Build/iOS/SwiftSoup.framework; sourceTree = "<group>"; };
		E95BF8E3238846900023581B /* Test.app */ = {isa = PBXFileReference; explicitFileType = wrapper.application; includeInIndex = 0; path = Test.app; sourceTree = BUILT_PRODUCTS_DIR; };
		E95BF8E6238846900023581B /* AppDelegate.swift */ = {isa = PBXFileReference; lastKnownFileType = sourcecode.swift; path = AppDelegate.swift; sourceTree = "<group>"; };
		E95BF8EA238846900023581B /* ViewController.swift */ = {isa = PBXFileReference; lastKnownFileType = sourcecode.swift; path = ViewController.swift; sourceTree = "<group>"; };
		E95BF8ED238846900023581B /* Base */ = {isa = PBXFileReference; lastKnownFileType = file.storyboard; name = Base; path = Base.lproj/Main.storyboard; sourceTree = "<group>"; };
		E95BF8EF238846910023581B /* Assets.xcassets */ = {isa = PBXFileReference; lastKnownFileType = folder.assetcatalog; path = Assets.xcassets; sourceTree = "<group>"; };
		E95BF8F2238846910023581B /* Base */ = {isa = PBXFileReference; lastKnownFileType = file.storyboard; name = Base; path = Base.lproj/LaunchScreen.storyboard; sourceTree = "<group>"; };
		E95BF8F4238846910023581B /* Info.plist */ = {isa = PBXFileReference; lastKnownFileType = text.plist.xml; path = Info.plist; sourceTree = "<group>"; };
		E95BF8FC238846EA0023581B /* TinyConstraints.framework */ = {isa = PBXFileReference; lastKnownFileType = wrapper.framework; name = TinyConstraints.framework; path = Carthage/Build/iOS/TinyConstraints.framework; sourceTree = "<group>"; };
		E95CA70F238EC521004BD2D1 /* TestFramework.h */ = {isa = PBXFileReference; lastKnownFileType = sourcecode.c.h; path = TestFramework.h; sourceTree = "<group>"; };
		E95CA710238EC521004BD2D1 /* Info.plist */ = {isa = PBXFileReference; lastKnownFileType = text.plist.xml; path = Info.plist; sourceTree = "<group>"; };
		E95CA71D238ECA55004BD2D1 /* empty.swift */ = {isa = PBXFileReference; lastKnownFileType = sourcecode.swift; path = empty.swift; sourceTree = "<group>"; };
		E983DE49238EBD8D0009DC14 /* OpenSansSwift.framework */ = {isa = PBXFileReference; lastKnownFileType = wrapper.framework; path = OpenSansSwift.framework; sourceTree = "<group>"; };
		E9F71D4A24AB904700903CE2 /* Ui.xcodeproj */ = {isa = PBXFileReference; lastKnownFileType = "wrapper.pb-project"; name = Ui.xcodeproj; path = ui/Ui.xcodeproj; sourceTree = "<group>"; };
		E9F71D5324AB905B00903CE2 /* Core.xcodeproj */ = {isa = PBXFileReference; lastKnownFileType = "wrapper.pb-project"; name = Core.xcodeproj; path = ui/core/Core.xcodeproj; sourceTree = "<group>"; };
/* End PBXFileReference section */

/* Begin PBXFrameworksBuildPhase section */
		E95BF8E0238846900023581B /* Frameworks */ = {
			isa = PBXFrameworksBuildPhase;
			buildActionMask = 2147483647;
			files = (
				E9F71D5C24AB906A00903CE2 /* UI.framework in Frameworks */,
				E95BF8FF238846EA0023581B /* TinyConstraints.framework in Frameworks */,
				E94DB16A249BC27700CAD775 /* SwiftSoup.framework in Frameworks */,
			);
			runOnlyForDeploymentPostprocessing = 0;
		};
/* End PBXFrameworksBuildPhase section */

/* Begin PBXGroup section */
		E94DB168249BC27700CAD775 /* Frameworks */ = {
			isa = PBXGroup;
			children = (
				E94DB169249BC27700CAD775 /* SwiftSoup.framework */,
			);
			name = Frameworks;
			sourceTree = "<group>";
		};
		E95BF8DA238846900023581B = {
			isa = PBXGroup;
			children = (
				E9F71D5324AB905B00903CE2 /* Core.xcodeproj */,
				E9F71D4A24AB904700903CE2 /* Ui.xcodeproj */,
				E95BF8EA238846900023581B /* ViewController.swift */,
				E95BF8E5238846900023581B /* Test */,
				E95CA70E238EC521004BD2D1 /* TestFramework */,
				E94DB168249BC27700CAD775 /* Frameworks */,
			);
			sourceTree = "<group>";
		};
		E95BF8E4238846900023581B /* Products */ = {
			isa = PBXGroup;
			children = (
				E95BF8E3238846900023581B /* Test.app */,
			);
			name = Products;
			path = ..;
			sourceTree = "<group>";
		};
		E95BF8E5238846900023581B /* Test */ = {
			isa = PBXGroup;
			children = (
				E95BF8E4238846900023581B /* Products */,
				E95BF8FA238846EA0023581B /* Frameworks */,
				E95BF8E6238846900023581B /* AppDelegate.swift */,
				E95CA71D238ECA55004BD2D1 /* empty.swift */,
				E95BF8EC238846900023581B /* Main.storyboard */,
				E95BF8EF238846910023581B /* Assets.xcassets */,
				E95BF8F1238846910023581B /* LaunchScreen.storyboard */,
				E95BF8F4238846910023581B /* Info.plist */,
			);
			path = Test;
			sourceTree = "<group>";
		};
		E95BF8FA238846EA0023581B /* Frameworks */ = {
			isa = PBXGroup;
			children = (
				E983DE49238EBD8D0009DC14 /* OpenSansSwift.framework */,
				E95BF8FC238846EA0023581B /* TinyConstraints.framework */,
			);
			name = Frameworks;
			path = ..;
			sourceTree = "<group>";
		};
		E95CA70E238EC521004BD2D1 /* TestFramework */ = {
			isa = PBXGroup;
			children = (
				E95CA70F238EC521004BD2D1 /* TestFramework.h */,
				E95CA710238EC521004BD2D1 /* Info.plist */,
			);
			path = TestFramework;
			sourceTree = "<group>";
		};
		E9F71D4B24AB904700903CE2 /* Products */ = {
			isa = PBXGroup;
			children = (
				E9F71D5024AB904700903CE2 /* UI.framework */,
				E9F71D5224AB904700903CE2 /* UITests.xctest */,
			);
			name = Products;
			sourceTree = "<group>";
		};
		E9F71D5424AB905B00903CE2 /* Products */ = {
			isa = PBXGroup;
			children = (
				E9F71D5924AB905B00903CE2 /* Core.framework */,
				E9F71D5B24AB905B00903CE2 /* CoreTests.xctest */,
			);
			name = Products;
			sourceTree = "<group>";
		};
/* End PBXGroup section */

/* Begin PBXNativeTarget section */
		E95BF8E2238846900023581B /* Test */ = {
			isa = PBXNativeTarget;
			buildConfigurationList = E95BF8F7238846910023581B /* Build configuration list for PBXNativeTarget "Test" */;
			buildPhases = (
				E95BF8DF238846900023581B /* Sources */,
				E95BF8E0238846900023581B /* Frameworks */,
				E95BF8E1238846900023581B /* Resources */,
				E95BF901238846EA0023581B /* Embed Frameworks */,
			);
			buildRules = (
			);
			dependencies = (
				E9F71D6724AB915900903CE2 /* PBXTargetDependency */,
			);
			name = Test;
			productName = Test;
			productReference = E95BF8E3238846900023581B /* Test.app */;
			productType = "com.apple.product-type.application";
		};
/* End PBXNativeTarget section */

/* Begin PBXProject section */
		E95BF8DB238846900023581B /* Project object */ = {
			isa = PBXProject;
			attributes = {
				LastSwiftUpdateCheck = 1120;
				LastUpgradeCheck = 1120;
				ORGANIZATIONNAME = Yoni;
				TargetAttributes = {
					E95BF8E2238846900023581B = {
						CreatedOnToolsVersion = 11.2.1;
					};
				};
			};
			buildConfigurationList = E95BF8DE238846900023581B /* Build configuration list for PBXProject "Test" */;
			compatibilityVersion = "Xcode 9.3";
			developmentRegion = en;
			hasScannedForEncodings = 0;
			knownRegions = (
				en,
				Base,
			);
			mainGroup = E95BF8DA238846900023581B;
			productRefGroup = E95BF8E4238846900023581B /* Products */;
			projectDirPath = "";
			projectReferences = (
				{
					ProductGroup = E9F71D5424AB905B00903CE2 /* Products */;
					ProjectRef = E9F71D5324AB905B00903CE2 /* Core.xcodeproj */;
				},
				{
					ProductGroup = E9F71D4B24AB904700903CE2 /* Products */;
					ProjectRef = E9F71D4A24AB904700903CE2 /* Ui.xcodeproj */;
				},
			);
			projectRoot = "";
			targets = (
				E95BF8E2238846900023581B /* Test */,
			);
		};
/* End PBXProject section */

/* Begin PBXReferenceProxy section */
		E9F71D5024AB904700903CE2 /* UI.framework */ = {
			isa = PBXReferenceProxy;
			fileType = wrapper.framework;
			path = UI.framework;
			remoteRef = E9F71D4F24AB904700903CE2 /* PBXContainerItemProxy */;
			sourceTree = BUILT_PRODUCTS_DIR;
		};
		E9F71D5224AB904700903CE2 /* UITests.xctest */ = {
			isa = PBXReferenceProxy;
			fileType = wrapper.cfbundle;
			path = UITests.xctest;
			remoteRef = E9F71D5124AB904700903CE2 /* PBXContainerItemProxy */;
			sourceTree = BUILT_PRODUCTS_DIR;
		};
		E9F71D5924AB905B00903CE2 /* Core.framework */ = {
			isa = PBXReferenceProxy;
			fileType = wrapper.framework;
			path = Core.framework;
			remoteRef = E9F71D5824AB905B00903CE2 /* PBXContainerItemProxy */;
			sourceTree = BUILT_PRODUCTS_DIR;
		};
		E9F71D5B24AB905B00903CE2 /* CoreTests.xctest */ = {
			isa = PBXReferenceProxy;
			fileType = wrapper.cfbundle;
			path = CoreTests.xctest;
			remoteRef = E9F71D5A24AB905B00903CE2 /* PBXContainerItemProxy */;
			sourceTree = BUILT_PRODUCTS_DIR;
		};
/* End PBXReferenceProxy section */

/* Begin PBXResourcesBuildPhase section */
		E95BF8E1238846900023581B /* Resources */ = {
			isa = PBXResourcesBuildPhase;
			buildActionMask = 2147483647;
			files = (
				E95BF8F3238846910023581B /* LaunchScreen.storyboard in Resources */,
				E95BF8F0238846910023581B /* Assets.xcassets in Resources */,
				E95BF8EE238846900023581B /* Main.storyboard in Resources */,
			);
			runOnlyForDeploymentPostprocessing = 0;
		};
/* End PBXResourcesBuildPhase section */

/* Begin PBXSourcesBuildPhase section */
		E95BF8DF238846900023581B /* Sources */ = {
			isa = PBXSourcesBuildPhase;
			buildActionMask = 2147483647;
			files = (
				E95BF8EB238846900023581B /* ViewController.swift in Sources */,
				E95CA71E238ECA55004BD2D1 /* empty.swift in Sources */,
				E95BF8E7238846900023581B /* AppDelegate.swift in Sources */,
			);
			runOnlyForDeploymentPostprocessing = 0;
		};
/* End PBXSourcesBuildPhase section */

/* Begin PBXTargetDependency section */
		E9F71D6724AB915900903CE2 /* PBXTargetDependency */ = {
			isa = PBXTargetDependency;
			name = UI;
			targetProxy = E9F71D6624AB915900903CE2 /* PBXContainerItemProxy */;
		};
/* End PBXTargetDependency section */

/* Begin PBXVariantGroup section */
		E95BF8EC238846900023581B /* Main.storyboard */ = {
			isa = PBXVariantGroup;
			children = (
				E95BF8ED238846900023581B /* Base */,
			);
			name = Main.storyboard;
			sourceTree = "<group>";
		};
		E95BF8F1238846910023581B /* LaunchScreen.storyboard */ = {
			isa = PBXVariantGroup;
			children = (
				E95BF8F2238846910023581B /* Base */,
			);
			name = LaunchScreen.storyboard;
			sourceTree = "<group>";
		};
/* End PBXVariantGroup section */

/* Begin XCBuildConfiguration section */
		E95BF8F5238846910023581B /* Debug */ = {
			isa = XCBuildConfiguration;
			buildSettings = {
				ALWAYS_SEARCH_USER_PATHS = NO;
				CLANG_ANALYZER_NONNULL = YES;
				CLANG_ANALYZER_NUMBER_OBJECT_CONVERSION = YES_AGGRESSIVE;
				CLANG_CXX_LANGUAGE_STANDARD = "gnu++14";
				CLANG_CXX_LIBRARY = "libc++";
				CLANG_ENABLE_MODULES = YES;
				CLANG_ENABLE_OBJC_ARC = YES;
				CLANG_ENABLE_OBJC_WEAK = YES;
				CLANG_WARN_BLOCK_CAPTURE_AUTORELEASING = YES;
				CLANG_WARN_BOOL_CONVERSION = YES;
				CLANG_WARN_COMMA = YES;
				CLANG_WARN_CONSTANT_CONVERSION = YES;
				CLANG_WARN_DEPRECATED_OBJC_IMPLEMENTATIONS = YES;
				CLANG_WARN_DIRECT_OBJC_ISA_USAGE = YES_ERROR;
				CLANG_WARN_DOCUMENTATION_COMMENTS = YES;
				CLANG_WARN_EMPTY_BODY = YES;
				CLANG_WARN_ENUM_CONVERSION = YES;
				CLANG_WARN_INFINITE_RECURSION = YES;
				CLANG_WARN_INT_CONVERSION = YES;
				CLANG_WARN_NON_LITERAL_NULL_CONVERSION = YES;
				CLANG_WARN_OBJC_IMPLICIT_RETAIN_SELF = YES;
				CLANG_WARN_OBJC_LITERAL_CONVERSION = YES;
				CLANG_WARN_OBJC_ROOT_CLASS = YES_ERROR;
				CLANG_WARN_RANGE_LOOP_ANALYSIS = YES;
				CLANG_WARN_STRICT_PROTOTYPES = YES;
				CLANG_WARN_SUSPICIOUS_MOVE = YES;
				CLANG_WARN_UNGUARDED_AVAILABILITY = YES_AGGRESSIVE;
				CLANG_WARN_UNREACHABLE_CODE = YES;
				CLANG_WARN__DUPLICATE_METHOD_MATCH = YES;
				COPY_PHASE_STRIP = NO;
				DEBUG_INFORMATION_FORMAT = dwarf;
				ENABLE_STRICT_OBJC_MSGSEND = YES;
				ENABLE_TESTABILITY = YES;
				GCC_C_LANGUAGE_STANDARD = gnu11;
				GCC_DYNAMIC_NO_PIC = NO;
				GCC_NO_COMMON_BLOCKS = YES;
				GCC_OPTIMIZATION_LEVEL = 0;
				GCC_PREPROCESSOR_DEFINITIONS = (
					"DEBUG=1",
					"$(inherited)",
				);
				GCC_WARN_64_TO_32_BIT_CONVERSION = YES;
				GCC_WARN_ABOUT_RETURN_TYPE = YES_ERROR;
				GCC_WARN_UNDECLARED_SELECTOR = YES;
				GCC_WARN_UNINITIALIZED_AUTOS = YES_AGGRESSIVE;
				GCC_WARN_UNUSED_FUNCTION = YES;
				GCC_WARN_UNUSED_VARIABLE = YES;
				IPHONEOS_DEPLOYMENT_TARGET = 10.3;
				MTL_ENABLE_DEBUG_INFO = INCLUDE_SOURCE;
				MTL_FAST_MATH = YES;
				ONLY_ACTIVE_ARCH = YES;
				SDKROOT = iphoneos;
				SWIFT_ACTIVE_COMPILATION_CONDITIONS = DEBUG;
				SWIFT_OPTIMIZATION_LEVEL = "-Onone";
			};
			name = Debug;
		};
		E95BF8F6238846910023581B /* Release */ = {
			isa = XCBuildConfiguration;
			buildSettings = {
				ALWAYS_SEARCH_USER_PATHS = NO;
				CLANG_ANALYZER_NONNULL = YES;
				CLANG_ANALYZER_NUMBER_OBJECT_CONVERSION = YES_AGGRESSIVE;
				CLANG_CXX_LANGUAGE_STANDARD = "gnu++14";
				CLANG_CXX_LIBRARY = "libc++";
				CLANG_ENABLE_MODULES = YES;
				CLANG_ENABLE_OBJC_ARC = YES;
				CLANG_ENABLE_OBJC_WEAK = YES;
				CLANG_WARN_BLOCK_CAPTURE_AUTORELEASING = YES;
				CLANG_WARN_BOOL_CONVERSION = YES;
				CLANG_WARN_COMMA = YES;
				CLANG_WARN_CONSTANT_CONVERSION = YES;
				CLANG_WARN_DEPRECATED_OBJC_IMPLEMENTATIONS = YES;
				CLANG_WARN_DIRECT_OBJC_ISA_USAGE = YES_ERROR;
				CLANG_WARN_DOCUMENTATION_COMMENTS = YES;
				CLANG_WARN_EMPTY_BODY = YES;
				CLANG_WARN_ENUM_CONVERSION = YES;
				CLANG_WARN_INFINITE_RECURSION = YES;
				CLANG_WARN_INT_CONVERSION = YES;
				CLANG_WARN_NON_LITERAL_NULL_CONVERSION = YES;
				CLANG_WARN_OBJC_IMPLICIT_RETAIN_SELF = YES;
				CLANG_WARN_OBJC_LITERAL_CONVERSION = YES;
				CLANG_WARN_OBJC_ROOT_CLASS = YES_ERROR;
				CLANG_WARN_RANGE_LOOP_ANALYSIS = YES;
				CLANG_WARN_STRICT_PROTOTYPES = YES;
				CLANG_WARN_SUSPICIOUS_MOVE = YES;
				CLANG_WARN_UNGUARDED_AVAILABILITY = YES_AGGRESSIVE;
				CLANG_WARN_UNREACHABLE_CODE = YES;
				CLANG_WARN__DUPLICATE_METHOD_MATCH = YES;
				COPY_PHASE_STRIP = NO;
				DEBUG_INFORMATION_FORMAT = "dwarf-with-dsym";
				ENABLE_NS_ASSERTIONS = NO;
				ENABLE_STRICT_OBJC_MSGSEND = YES;
				GCC_C_LANGUAGE_STANDARD = gnu11;
				GCC_NO_COMMON_BLOCKS = YES;
				GCC_WARN_64_TO_32_BIT_CONVERSION = YES;
				GCC_WARN_ABOUT_RETURN_TYPE = YES_ERROR;
				GCC_WARN_UNDECLARED_SELECTOR = YES;
				GCC_WARN_UNINITIALIZED_AUTOS = YES_AGGRESSIVE;
				GCC_WARN_UNUSED_FUNCTION = YES;
				GCC_WARN_UNUSED_VARIABLE = YES;
				IPHONEOS_DEPLOYMENT_TARGET = 10.3;
				MTL_ENABLE_DEBUG_INFO = NO;
				MTL_FAST_MATH = YES;
				SDKROOT = iphoneos;
				SWIFT_COMPILATION_MODE = wholemodule;
				SWIFT_OPTIMIZATION_LEVEL = "-O";
				VALIDATE_PRODUCT = YES;
			};
			name = Release;
		};
		E95BF8F8238846910023581B /* Debug */ = {
			isa = XCBuildConfiguration;
			buildSettings = {
				ASSETCATALOG_COMPILER_APPICON_NAME = AppIcon;
				CODE_SIGN_STYLE = Automatic;
				DEVELOPMENT_TEAM = A62R4H65T7;
				FRAMEWORK_SEARCH_PATHS = (
					"$(inherited)",
					"$(PROJECT_DIR)/Carthage/Build/iOS",
					"$(PROJECT_DIR)/View.playground/Resources",
					"$(PROJECT_DIR)",
				);
				INFOPLIST_FILE = Test/Info.plist;
				LD_RUNPATH_SEARCH_PATHS = (
					"$(inherited)",
					"@executable_path/Frameworks",
				);
				OTHER_SWIFT_FLAGS = "";
				PRODUCT_BUNDLE_IDENTIFIER = dsvverbvre.Test;
				PRODUCT_NAME = "$(TARGET_NAME)";
				SWIFT_VERSION = 5.0;
				TARGETED_DEVICE_FAMILY = "1,2";
			};
			name = Debug;
		};
		E95BF8F9238846910023581B /* Release */ = {
			isa = XCBuildConfiguration;
			buildSettings = {
				ASSETCATALOG_COMPILER_APPICON_NAME = AppIcon;
				CODE_SIGN_STYLE = Automatic;
				DEVELOPMENT_TEAM = A62R4H65T7;
				FRAMEWORK_SEARCH_PATHS = (
					"$(inherited)",
					"$(PROJECT_DIR)/Carthage/Build/iOS",
					"$(PROJECT_DIR)/View.playground/Resources",
					"$(PROJECT_DIR)",
				);
				INFOPLIST_FILE = Test/Info.plist;
				LD_RUNPATH_SEARCH_PATHS = (
					"$(inherited)",
					"@executable_path/Frameworks",
				);
				OTHER_SWIFT_FLAGS = "";
				PRODUCT_BUNDLE_IDENTIFIER = dsvverbvre.Test;
				PRODUCT_NAME = "$(TARGET_NAME)";
				SWIFT_VERSION = 5.0;
				TARGETED_DEVICE_FAMILY = "1,2";
			};
			name = Release;
		};
/* End XCBuildConfiguration section */

/* Begin XCConfigurationList section */
		E95BF8DE238846900023581B /* Build configuration list for PBXProject "Test" */ = {
			isa = XCConfigurationList;
			buildConfigurations = (
				E95BF8F5238846910023581B /* Debug */,
				E95BF8F6238846910023581B /* Release */,
			);
			defaultConfigurationIsVisible = 0;
			defaultConfigurationName = Release;
		};
		E95BF8F7238846910023581B /* Build configuration list for PBXNativeTarget "Test" */ = {
			isa = XCConfigurationList;
			buildConfigurations = (
				E95BF8F8238846910023581B /* Debug */,
				E95BF8F9238846910023581B /* Release */,
			);
			defaultConfigurationIsVisible = 0;
			defaultConfigurationName = Release;
		};
/* End XCConfigurationList section */
	};
	rootObject = E95BF8DB238846900023581B /* Project object */;
}
